PODS:
  - RxSwift (4.1.2)
  - TinyNetworking/Core (0.2.2)
  - TinyNetworking/RxSwift (0.2.2):
    - RxSwift (~> 4.0)
    - TinyNetworking/Core

DEPENDENCIES:
  - TinyNetworking/RxSwift

SPEC CHECKSUMS:
  RxSwift: e49536837d9901277638493ea537394d4b55f570
  TinyNetworking: b8f336fdec6666dcee36f1b3e120c8116733d665

PODFILE CHECKSUM: b4785dbb71b77ddd8b2d5f03bc8737d300ecfd35

COCOAPODS: 1.4.0
