// !$*UTF8*$!
{
	archiveVersion = 1;
	classes = {
	};
	objectVersion = 48;
	objects = {

/* Begin PBXBuildFile section */
		CF4B7461D0D2F4D61FED080B /* Pods_TinyExample.framework in Frameworks */ = {isa = PBXBuildFile; fileRef = 673FFAC0DECE855EFFFC7429 /* Pods_TinyExample.framework */; };
		DC6621482055B67900276BC7 /* AppDelegate.swift in Sources */ = {isa = PBXBuildFile; fileRef = DC6621472055B67900276BC7 /* AppDelegate.swift */; };
		DC66214A2055B67900276BC7 /* ViewController.swift in Sources */ = {isa = PBXBuildFile; fileRef = DC6621492055B67900276BC7 /* ViewController.swift */; };
		DC66214D2055B67900276BC7 /* Main.storyboard in Resources */ = {isa = PBXBuildFile; fileRef = DC66214B2055B67900276BC7 /* Main.storyboard */; };
		DC66214F2055B67900276BC7 /* Assets.xcassets in Resources */ = {isa = PBXBuildFile; fileRef = DC66214E2055B67900276BC7 /* Assets.xcassets */; };
		DC6621522055B67900276BC7 /* LaunchScreen.storyboard in Resources */ = {isa = PBXBuildFile; fileRef = DC6621502055B67900276BC7 /* LaunchScreen.storyboard */; };
		DC66215B2055B78B00276BC7 /* Photo.swift in Sources */ = {isa = PBXBuildFile; fileRef = DC66215A2055B78B00276BC7 /* Photo.swift */; };
		DC66215D2055B88000276BC7 /* ImageURLs.swift in Sources */ = {isa = PBXBuildFile; fileRef = DC66215C2055B88000276BC7 /* ImageURLs.swift */; };
/* End PBXBuildFile section */

/* Begin PBXFileReference section */
		03133FC5FB34B865144E2798 /* Pods-TinyExample.debug.xcconfig */ = {isa = PBXFileReference; includeInIndex = 1; lastKnownFileType = text.xcconfig; name = "Pods-TinyExample.debug.xcconfig"; path = "Pods/Target Support Files/Pods-TinyExample/Pods-TinyExample.debug.xcconfig"; sourceTree = "<group>"; };
		673FFAC0DECE855EFFFC7429 /* Pods_TinyExample.framework */ = {isa = PBXFileReference; explicitFileType = wrapper.framework; includeInIndex = 0; path = Pods_TinyExample.framework; sourceTree = BUILT_PRODUCTS_DIR; };
		A2917195F171D2C02ABB9629 /* Pods-TinyExample.release.xcconfig */ = {isa = PBXFileReference; includeInIndex = 1; lastKnownFileType = text.xcconfig; name = "Pods-TinyExample.release.xcconfig"; path = "Pods/Target Support Files/Pods-TinyExample/Pods-TinyExample.release.xcconfig"; sourceTree = "<group>"; };
		DC6621442055B67900276BC7 /* TinyExample.app */ = {isa = PBXFileReference; explicitFileType = wrapper.application; includeInIndex = 0; path = TinyExample.app; sourceTree = BUILT_PRODUCTS_DIR; };
		DC6621472055B67900276BC7 /* AppDelegate.swift */ = {isa = PBXFileReference; lastKnownFileType = sourcecode.swift; path = AppDelegate.swift; sourceTree = "<group>"; };
		DC6621492055B67900276BC7 /* ViewController.swift */ = {isa = PBXFileReference; lastKnownFileType = sourcecode.swift; path = ViewController.swift; sourceTree = "<group>"; };
		DC66214C2055B67900276BC7 /* Base */ = {isa = PBXFileReference; lastKnownFileType = file.storyboard; name = Base; path = Base.lproj/Main.storyboard; sourceTree = "<group>"; };
		DC66214E2055B67900276BC7 /* Assets.xcassets */ = {isa = PBXFileReference; lastKnownFileType = folder.assetcatalog; path = Assets.xcassets; sourceTree = "<group>"; };
		DC6621512055B67900276BC7 /* Base */ = {isa = PBXFileReference; lastKnownFileType = file.storyboard; name = Base; path = Base.lproj/LaunchScreen.storyboard; sourceTree = "<group>"; };
		DC6621532055B67900276BC7 /* Info.plist */ = {isa = PBXFileReference; lastKnownFileType = text.plist.xml; path = Info.plist; sourceTree = "<group>"; };
		DC66215A2055B78B00276BC7 /* Photo.swift */ = {isa = PBXFileReference; lastKnownFileType = sourcecode.swift; path = Photo.swift; sourceTree = "<group>"; };
		DC66215C2055B88000276BC7 /* ImageURLs.swift */ = {isa = PBXFileReference; lastKnownFileType = sourcecode.swift; path = ImageURLs.swift; sourceTree = "<group>"; };
/* End PBXFileReference section */

/* Begin PBXFrameworksBuildPhase section */
		DC6621412055B67900276BC7 /* Frameworks */ = {
			isa = PBXFrameworksBuildPhase;
			buildActionMask = 2147483647;
			files = (
				CF4B7461D0D2F4D61FED080B /* Pods_TinyExample.framework in Frameworks */,
			);
			runOnlyForDeploymentPostprocessing = 0;
		};
/* End PBXFrameworksBuildPhase section */

/* Begin PBXGroup section */
		7CA70F69F06D63D2E31ACE01 /* Frameworks */ = {
			isa = PBXGroup;
			children = (
				673FFAC0DECE855EFFFC7429 /* Pods_TinyExample.framework */,
			);
			name = Frameworks;
			sourceTree = "<group>";
		};
		CFF7AFFA40FD0F4A9BBC47F1 /* Pods */ = {
			isa = PBXGroup;
			children = (
				03133FC5FB34B865144E2798 /* Pods-TinyExample.debug.xcconfig */,
				A2917195F171D2C02ABB9629 /* Pods-TinyExample.release.xcconfig */,
			);
			name = Pods;
			sourceTree = "<group>";
		};
		DC66213B2055B67900276BC7 = {
			isa = PBXGroup;
			children = (
				DC6621462055B67900276BC7 /* TinyExample */,
				DC6621452055B67900276BC7 /* Products */,
				CFF7AFFA40FD0F4A9BBC47F1 /* Pods */,
				7CA70F69F06D63D2E31ACE01 /* Frameworks */,
			);
			sourceTree = "<group>";
		};
		DC6621452055B67900276BC7 /* Products */ = {
			isa = PBXGroup;
			children = (
				DC6621442055B67900276BC7 /* TinyExample.app */,
			);
			name = Products;
			sourceTree = "<group>";
		};
		DC6621462055B67900276BC7 /* TinyExample */ = {
			isa = PBXGroup;
			children = (
				DC6621592055B77A00276BC7 /* Models */,
				DC6621472055B67900276BC7 /* AppDelegate.swift */,
				DC6621492055B67900276BC7 /* ViewController.swift */,
				DC66214B2055B67900276BC7 /* Main.storyboard */,
				DC66214E2055B67900276BC7 /* Assets.xcassets */,
				DC6621502055B67900276BC7 /* LaunchScreen.storyboard */,
				DC6621532055B67900276BC7 /* Info.plist */,
			);
			path = TinyExample;
			sourceTree = "<group>";
		};
		DC6621592055B77A00276BC7 /* Models */ = {
			isa = PBXGroup;
			children = (
				DC66215A2055B78B00276BC7 /* Photo.swift */,
				DC66215C2055B88000276BC7 /* ImageURLs.swift */,
			);
			path = Models;
			sourceTree = "<group>";
		};
/* End PBXGroup section */

/* Begin PBXNativeTarget section */
		DC6621432055B67900276BC7 /* TinyExample */ = {
			isa = PBXNativeTarget;
			buildConfigurationList = DC6621562055B67900276BC7 /* Build configuration list for PBXNativeTarget "TinyExample" */;
			buildPhases = (
				414E9F131B8D4F0EC6CF4BC1 /* [CP] Check Pods Manifest.lock */,
				DC6621402055B67900276BC7 /* Sources */,
				DC6621412055B67900276BC7 /* Frameworks */,
				DC6621422055B67900276BC7 /* Resources */,
				1E734598D11E1268F19C08ED /* [CP] Embed Pods Frameworks */,
				B3D05997022D0C4380499784 /* [CP] Copy Pods Resources */,
			);
			buildRules = (
			);
			dependencies = (
			);
			name = TinyExample;
			productName = TinyExample;
			productReference = DC6621442055B67900276BC7 /* TinyExample.app */;
			productType = "com.apple.product-type.application";
		};
/* End PBXNativeTarget section */

/* Begin PBXProject section */
		DC66213C2055B67900276BC7 /* Project object */ = {
			isa = PBXProject;
			attributes = {
				LastSwiftUpdateCheck = 0920;
				LastUpgradeCheck = 0920;
				ORGANIZATIONNAME = "Joan Disho";
				TargetAttributes = {
					DC6621432055B67900276BC7 = {
						CreatedOnToolsVersion = 9.2;
						ProvisioningStyle = Automatic;
					};
				};
			};
			buildConfigurationList = DC66213F2055B67900276BC7 /* Build configuration list for PBXProject "TinyExample" */;
			compatibilityVersion = "Xcode 8.0";
			developmentRegion = en;
			hasScannedForEncodings = 0;
			knownRegions = (
				en,
				Base,
			);
			mainGroup = DC66213B2055B67900276BC7;
			productRefGroup = DC6621452055B67900276BC7 /* Products */;
			projectDirPath = "";
			projectRoot = "";
			targets = (
				DC6621432055B67900276BC7 /* TinyExample */,
			);
		};
/* End PBXProject section */

/* Begin PBXResourcesBuildPhase section */
		DC6621422055B67900276BC7 /* Resources */ = {
			isa = PBXResourcesBuildPhase;
			buildActionMask = 2147483647;
			files = (
				DC6621522055B67900276BC7 /* LaunchScreen.storyboard in Resources */,
				DC66214F2055B67900276BC7 /* Assets.xcassets in Resources */,
				DC66214D2055B67900276BC7 /* Main.storyboard in Resources */,
			);
			runOnlyForDeploymentPostprocessing = 0;
		};
/* End PBXResourcesBuildPhase section */

/* Begin PBXShellScriptBuildPhase section */
		1E734598D11E1268F19C08ED /* [CP] Embed Pods Frameworks */ = {
			isa = PBXShellScriptBuildPhase;
			buildActionMask = 2147483647;
			files = (
			);
			inputPaths = (
				"${SRCROOT}/Pods/Target Support Files/Pods-TinyExample/Pods-TinyExample-frameworks.sh",
				"${BUILT_PRODUCTS_DIR}/TinyNetworking/TinyNetworking.framework",
			);
			name = "[CP] Embed Pods Frameworks";
			outputPaths = (
				"${TARGET_BUILD_DIR}/${FRAMEWORKS_FOLDER_PATH}/TinyNetworking.framework",
			);
			runOnlyForDeploymentPostprocessing = 0;
			shellPath = /bin/sh;
			shellScript = "\"${SRCROOT}/Pods/Target Support Files/Pods-TinyExample/Pods-TinyExample-frameworks.sh\"\n";
			showEnvVarsInLog = 0;
		};
		414E9F131B8D4F0EC6CF4BC1 /* [CP] Check Pods Manifest.lock */ = {
			isa = PBXShellScriptBuildPhase;
			buildActionMask = 2147483647;
			files = (
			);
			inputPaths = (
				"${PODS_PODFILE_DIR_PATH}/Podfile.lock",
				"${PODS_ROOT}/Manifest.lock",
			);
			name = "[CP] Check Pods Manifest.lock";
			outputPaths = (
				"$(DERIVED_FILE_DIR)/Pods-TinyExample-checkManifestLockResult.txt",
			);
			runOnlyForDeploymentPostprocessing = 0;
			shellPath = /bin/sh;
			shellScript = "diff \"${PODS_PODFILE_DIR_PATH}/Podfile.lock\" \"${PODS_ROOT}/Manifest.lock\" > /dev/null\nif [ $? != 0 ] ; then\n    # print error to STDERR\n    echo \"error: The sandbox is not in sync with the Podfile.lock. Run 'pod install' or update your CocoaPods installation.\" >&2\n    exit 1\nfi\n# This output is used by Xcode 'outputs' to avoid re-running this script phase.\necho \"SUCCESS\" > \"${SCRIPT_OUTPUT_FILE_0}\"\n";
			showEnvVarsInLog = 0;
		};
		B3D05997022D0C4380499784 /* [CP] Copy Pods Resources */ = {
			isa = PBXShellScriptBuildPhase;
			buildActionMask = 2147483647;
			files = (
			);
			inputPaths = (
			);
			name = "[CP] Copy Pods Resources";
			outputPaths = (
			);
			runOnlyForDeploymentPostprocessing = 0;
			shellPath = /bin/sh;
			shellScript = "\"${SRCROOT}/Pods/Target Support Files/Pods-TinyExample/Pods-TinyExample-resources.sh\"\n";
			showEnvVarsInLog = 0;
		};
/* End PBXShellScriptBuildPhase section */

/* Begin PBXSourcesBuildPhase section */
		DC6621402055B67900276BC7 /* Sources */ = {
			isa = PBXSourcesBuildPhase;
			buildActionMask = 2147483647;
			files = (
				DC66215B2055B78B00276BC7 /* Photo.swift in Sources */,
				DC66214A2055B67900276BC7 /* ViewController.swift in Sources */,
				DC6621482055B67900276BC7 /* AppDelegate.swift in Sources */,
				DC66215D2055B88000276BC7 /* ImageURLs.swift in Sources */,
			);
			runOnlyForDeploymentPostprocessing = 0;
		};
/* End PBXSourcesBuildPhase section */

/* Begin PBXVariantGroup section */
		DC66214B2055B67900276BC7 /* Main.storyboard */ = {
			isa = PBXVariantGroup;
			children = (
				DC66214C2055B67900276BC7 /* Base */,
			);
			name = Main.storyboard;
			sourceTree = "<group>";
		};
		DC6621502055B67900276BC7 /* LaunchScreen.storyboard */ = {
			isa = PBXVariantGroup;
			children = (
				DC6621512055B67900276BC7 /* Base */,
			);
			name = LaunchScreen.storyboard;
			sourceTree = "<group>";
		};
/* End PBXVariantGroup section */

/* Begin XCBuildConfiguration section */
		DC6621542055B67900276BC7 /* Debug */ = {
			isa = XCBuildConfiguration;
			buildSettings = {
				ALWAYS_SEARCH_USER_PATHS = NO;
				CLANG_ANALYZER_NONNULL = YES;
				CLANG_ANALYZER_NUMBER_OBJECT_CONVERSION = YES_AGGRESSIVE;
				CLANG_CXX_LANGUAGE_STANDARD = "gnu++14";
				CLANG_CXX_LIBRARY = "libc++";
				CLANG_ENABLE_MODULES = YES;
				CLANG_ENABLE_OBJC_ARC = YES;
				CLANG_WARN_BLOCK_CAPTURE_AUTORELEASING = YES;
				CLANG_WARN_BOOL_CONVERSION = YES;
				CLANG_WARN_COMMA = YES;
				CLANG_WARN_CONSTANT_CONVERSION = YES;
				CLANG_WARN_DIRECT_OBJC_ISA_USAGE = YES_ERROR;
				CLANG_WARN_DOCUMENTATION_COMMENTS = YES;
				CLANG_WARN_EMPTY_BODY = YES;
				CLANG_WARN_ENUM_CONVERSION = YES;
				CLANG_WARN_INFINITE_RECURSION = YES;
				CLANG_WARN_INT_CONVERSION = YES;
				CLANG_WARN_NON_LITERAL_NULL_CONVERSION = YES;
				CLANG_WARN_OBJC_LITERAL_CONVERSION = YES;
				CLANG_WARN_OBJC_ROOT_CLASS = YES_ERROR;
				CLANG_WARN_RANGE_LOOP_ANALYSIS = YES;
				CLANG_WARN_STRICT_PROTOTYPES = YES;
				CLANG_WARN_SUSPICIOUS_MOVE = YES;
				CLANG_WARN_UNGUARDED_AVAILABILITY = YES_AGGRESSIVE;
				CLANG_WARN_UNREACHABLE_CODE = YES;
				CLANG_WARN__DUPLICATE_METHOD_MATCH = YES;
				CODE_SIGN_IDENTITY = "iPhone Developer";
				COPY_PHASE_STRIP = NO;
				DEBUG_INFORMATION_FORMAT = dwarf;
				ENABLE_STRICT_OBJC_MSGSEND = YES;
				ENABLE_TESTABILITY = YES;
				GCC_C_LANGUAGE_STANDARD = gnu11;
				GCC_DYNAMIC_NO_PIC = NO;
				GCC_NO_COMMON_BLOCKS = YES;
				GCC_OPTIMIZATION_LEVEL = 0;
				GCC_PREPROCESSOR_DEFINITIONS = (
					"DEBUG=1",
					"$(inherited)",
				);
				GCC_WARN_64_TO_32_BIT_CONVERSION = YES;
				GCC_WARN_ABOUT_RETURN_TYPE = YES_ERROR;
				GCC_WARN_UNDECLARED_SELECTOR = YES;
				GCC_WARN_UNINITIALIZED_AUTOS = YES_AGGRESSIVE;
				GCC_WARN_UNUSED_FUNCTION = YES;
				GCC_WARN_UNUSED_VARIABLE = YES;
				IPHONEOS_DEPLOYMENT_TARGET = 11.2;
				MTL_ENABLE_DEBUG_INFO = YES;
				ONLY_ACTIVE_ARCH = YES;
				SDKROOT = iphoneos;
				SWIFT_ACTIVE_COMPILATION_CONDITIONS = DEBUG;
				SWIFT_OPTIMIZATION_LEVEL = "-Onone";
			};
			name = Debug;
		};
		DC6621552055B67900276BC7 /* Release */ = {
			isa = XCBuildConfiguration;
			buildSettings = {
				ALWAYS_SEARCH_USER_PATHS = NO;
				CLANG_ANALYZER_NONNULL = YES;
				CLANG_ANALYZER_NUMBER_OBJECT_CONVERSION = YES_AGGRESSIVE;
				CLANG_CXX_LANGUAGE_STANDARD = "gnu++14";
				CLANG_CXX_LIBRARY = "libc++";
				CLANG_ENABLE_MODULES = YES;
				CLANG_ENABLE_OBJC_ARC = YES;
				CLANG_WARN_BLOCK_CAPTURE_AUTORELEASING = YES;
				CLANG_WARN_BOOL_CONVERSION = YES;
				CLANG_WARN_COMMA = YES;
				CLANG_WARN_CONSTANT_CONVERSION = YES;
				CLANG_WARN_DIRECT_OBJC_ISA_USAGE = YES_ERROR;
				CLANG_WARN_DOCUMENTATION_COMMENTS = YES;
				CLANG_WARN_EMPTY_BODY = YES;
				CLANG_WARN_ENUM_CONVERSION = YES;
				CLANG_WARN_INFINITE_RECURSION = YES;
				CLANG_WARN_INT_CONVERSION = YES;
				CLANG_WARN_NON_LITERAL_NULL_CONVERSION = YES;
				CLANG_WARN_OBJC_LITERAL_CONVERSION = YES;
				CLANG_WARN_OBJC_ROOT_CLASS = YES_ERROR;
				CLANG_WARN_RANGE_LOOP_ANALYSIS = YES;
				CLANG_WARN_STRICT_PROTOTYPES = YES;
				CLANG_WARN_SUSPICIOUS_MOVE = YES;
				CLANG_WARN_UNGUARDED_AVAILABILITY = YES_AGGRESSIVE;
				CLANG_WARN_UNREACHABLE_CODE = YES;
				CLANG_WARN__DUPLICATE_METHOD_MATCH = YES;
				CODE_SIGN_IDENTITY = "iPhone Developer";
				COPY_PHASE_STRIP = NO;
				DEBUG_INFORMATION_FORMAT = "dwarf-with-dsym";
				ENABLE_NS_ASSERTIONS = NO;
				ENABLE_STRICT_OBJC_MSGSEND = YES;
				GCC_C_LANGUAGE_STANDARD = gnu11;
				GCC_NO_COMMON_BLOCKS = YES;
				GCC_WARN_64_TO_32_BIT_CONVERSION = YES;
				GCC_WARN_ABOUT_RETURN_TYPE = YES_ERROR;
				GCC_WARN_UNDECLARED_SELECTOR = YES;
				GCC_WARN_UNINITIALIZED_AUTOS = YES_AGGRESSIVE;
				GCC_WARN_UNUSED_FUNCTION = YES;
				GCC_WARN_UNUSED_VARIABLE = YES;
				IPHONEOS_DEPLOYMENT_TARGET = 11.2;
				MTL_ENABLE_DEBUG_INFO = NO;
				SDKROOT = iphoneos;
				SWIFT_OPTIMIZATION_LEVEL = "-Owholemodule";
				VALIDATE_PRODUCT = YES;
			};
			name = Release;
		};
		DC6621572055B67900276BC7 /* Debug */ = {
			isa = XCBuildConfiguration;
			baseConfigurationReference = 03133FC5FB34B865144E2798 /* Pods-TinyExample.debug.xcconfig */;
			buildSettings = {
				ASSETCATALOG_COMPILER_APPICON_NAME = AppIcon;
				CODE_SIGN_STYLE = Automatic;
				DEVELOPMENT_TEAM = YLLL7FKAFL;
				INFOPLIST_FILE = TinyExample/Info.plist;
				LD_RUNPATH_SEARCH_PATHS = "$(inherited) @executable_path/Frameworks";
				PRODUCT_BUNDLE_IDENTIFIER = disho.TinyExample;
				PRODUCT_NAME = "$(TARGET_NAME)";
				SWIFT_VERSION = 4.0;
				TARGETED_DEVICE_FAMILY = "1,2";
			};
			name = Debug;
		};
		DC6621582055B67900276BC7 /* Release */ = {
			isa = XCBuildConfiguration;
			baseConfigurationReference = A2917195F171D2C02ABB9629 /* Pods-TinyExample.release.xcconfig */;
			buildSettings = {
				ASSETCATALOG_COMPILER_APPICON_NAME = AppIcon;
				CODE_SIGN_STYLE = Automatic;
				DEVELOPMENT_TEAM = YLLL7FKAFL;
				INFOPLIST_FILE = TinyExample/Info.plist;
				LD_RUNPATH_SEARCH_PATHS = "$(inherited) @executable_path/Frameworks";
				PRODUCT_BUNDLE_IDENTIFIER = disho.TinyExample;
				PRODUCT_NAME = "$(TARGET_NAME)";
				SWIFT_VERSION = 4.0;
				TARGETED_DEVICE_FAMILY = "1,2";
			};
			name = Release;
		};
/* End XCBuildConfiguration section */

/* Begin XCConfigurationList section */
		DC66213F2055B67900276BC7 /* Build configuration list for PBXProject "TinyExample" */ = {
			isa = XCConfigurationList;
			buildConfigurations = (
				DC6621542055B67900276BC7 /* Debug */,
				DC6621552055B67900276BC7 /* Release */,
			);
			defaultConfigurationIsVisible = 0;
			defaultConfigurationName = Release;
		};
		DC6621562055B67900276BC7 /* Build configuration list for PBXNativeTarget "TinyExample" */ = {
			isa = XCConfigurationList;
			buildConfigurations = (
				DC6621572055B67900276BC7 /* Debug */,
				DC6621582055B67900276BC7 /* Release */,
			);
			defaultConfigurationIsVisible = 0;
			defaultConfigurationName = Release;
		};
/* End XCConfigurationList section */
	};
	rootObject = DC66213C2055B67900276BC7 /* Project object */;
}
