// !$*UTF8*$!
{
	archiveVersion = 1;
	classes = {
	};
	objectVersion = 48;
	objects = {

/* Begin PBXBuildFile section */
		3C04F53947782F8F044C63EE /* Pods_TinyNetworking_RxTinyNetworking.framework in Frameworks */ = {isa = PBXBuildFile; fileRef = 9864C1C8F2DF90B71F954ACE /* Pods_TinyNetworking_RxTinyNetworking.framework */; };
		DC22B6112079483400CEB596 /* Task.swift in Sources */ = {isa = PBXBuildFile; fileRef = DC927ACB2070427000B5915E /* Task.swift */; };
		DC22B6122079483400CEB596 /* Endpoint.swift in Sources */ = {isa = PBXBuildFile; fileRef = DC320FE0204BFD8E0055A938 /* Endpoint.swift */; };
		DC22B6132079483400CEB596 /* AnyEncodable.swift in Sources */ = {isa = PBXBuildFile; fileRef = DC927ACD2070427800B5915E /* AnyEncodable.swift */; };
		DC22B6142079483400CEB596 /* Response.swift in Sources */ = {isa = PBXBuildFile; fileRef = DC927AD12070428C00B5915E /* Response.swift */; };
		DC22B6152079483400CEB596 /* ResourceType.swift in Sources */ = {isa = PBXBuildFile; fileRef = DC927ACF2070428400B5915E /* ResourceType.swift */; };
		DC22B6162079483400CEB596 /* TinyNetworking.swift in Sources */ = {isa = PBXBuildFile; fileRef = DC320FE2204BFD8E0055A938 /* TinyNetworking.swift */; };
		DC22B6172079483400CEB596 /* TinyNetworkingType.swift in Sources */ = {isa = PBXBuildFile; fileRef = DCFD07D3206D7076001F0C35 /* TinyNetworkingType.swift */; };
		DC22B6182079483400CEB596 /* URLRequest+Extentions.swift in Sources */ = {isa = PBXBuildFile; fileRef = DC320FE3204BFD8E0055A938 /* URLRequest+Extentions.swift */; };
		DC22B6192079483400CEB596 /* URL+Extentions.swift in Sources */ = {isa = PBXBuildFile; fileRef = DC9DE1A72058361100BCCA81 /* URL+Extentions.swift */; };
		DC22B61B20794AF600CEB596 /* URLSession+Extentions.swift in Sources */ = {isa = PBXBuildFile; fileRef = DC22B61A20794AF600CEB596 /* URLSession+Extentions.swift */; };
		DC22B61C207950CE00CEB596 /* TinyNetworking.framework in Frameworks */ = {isa = PBXBuildFile; fileRef = DC320FC6204BFD760055A938 /* TinyNetworking.framework */; };
		DC320FD0204BFD760055A938 /* TinyNetworking.framework in Frameworks */ = {isa = PBXBuildFile; fileRef = DC320FC6204BFD760055A938 /* TinyNetworking.framework */; };
		DC320FD5204BFD760055A938 /* TinyNetworkingTests.swift in Sources */ = {isa = PBXBuildFile; fileRef = DC320FD4204BFD760055A938 /* TinyNetworkingTests.swift */; };
		DC320FE4204BFD8E0055A938 /* Endpoint.swift in Sources */ = {isa = PBXBuildFile; fileRef = DC320FE0204BFD8E0055A938 /* Endpoint.swift */; };
		DC320FE6204BFD8E0055A938 /* TinyNetworking.swift in Sources */ = {isa = PBXBuildFile; fileRef = DC320FE2204BFD8E0055A938 /* TinyNetworking.swift */; };
		DC320FE7204BFD8E0055A938 /* URLRequest+Extentions.swift in Sources */ = {isa = PBXBuildFile; fileRef = DC320FE3204BFD8E0055A938 /* URLRequest+Extentions.swift */; };
		DC581D49204F575200FCBB4E /* RxTinyNetworking.swift in Sources */ = {isa = PBXBuildFile; fileRef = DC581D48204F575200FCBB4E /* RxTinyNetworking.swift */; };
		DC927ACC2070427000B5915E /* Task.swift in Sources */ = {isa = PBXBuildFile; fileRef = DC927ACB2070427000B5915E /* Task.swift */; };
		DC927ACE2070427800B5915E /* AnyEncodable.swift in Sources */ = {isa = PBXBuildFile; fileRef = DC927ACD2070427800B5915E /* AnyEncodable.swift */; };
		DC927AD02070428400B5915E /* ResourceType.swift in Sources */ = {isa = PBXBuildFile; fileRef = DC927ACF2070428400B5915E /* ResourceType.swift */; };
		DC927AD22070428C00B5915E /* Response.swift in Sources */ = {isa = PBXBuildFile; fileRef = DC927AD12070428C00B5915E /* Response.swift */; };
		DC9DE1A82058361100BCCA81 /* URL+Extentions.swift in Sources */ = {isa = PBXBuildFile; fileRef = DC9DE1A72058361100BCCA81 /* URL+Extentions.swift */; };
		DCAED62421A7537C007BDE95 /* URLEncoding.swift in Sources */ = {isa = PBXBuildFile; fileRef = DCAED62321A7537C007BDE95 /* URLEncoding.swift */; };
		DCFD07D5206D7076001F0C35 /* TinyNetworkingType.swift in Sources */ = {isa = PBXBuildFile; fileRef = DCFD07D3206D7076001F0C35 /* TinyNetworkingType.swift */; };
		E227DFA5CD66DCF947304FE6 /* Pods_TinyNetworking.framework in Frameworks */ = {isa = PBXBuildFile; fileRef = C7B6D6B7EB694FA340950D07 /* Pods_TinyNetworking.framework */; };
/* End PBXBuildFile section */

/* Begin PBXContainerItemProxy section */
		DC320FD1204BFD760055A938 /* PBXContainerItemProxy */ = {
			isa = PBXContainerItemProxy;
			containerPortal = DC320FBD204BFD760055A938 /* Project object */;
			proxyType = 1;
			remoteGlobalIDString = DC320FC5204BFD760055A938;
			remoteInfo = TinyNetworking;
		};
/* End PBXContainerItemProxy section */

/* Begin PBXFileReference section */
		1CF8677A2889E794FDF82D98 /* Pods-TinyNetworking-RxTinyNetworking.debug.xcconfig */ = {isa = PBXFileReference; includeInIndex = 1; lastKnownFileType = text.xcconfig; name = "Pods-TinyNetworking-RxTinyNetworking.debug.xcconfig"; path = "Pods/Target Support Files/Pods-TinyNetworking-RxTinyNetworking/Pods-TinyNetworking-RxTinyNetworking.debug.xcconfig"; sourceTree = "<group>"; };
		37268BB9A260E967F4749EAA /* Pods-RxTinyNetworking.release.xcconfig */ = {isa = PBXFileReference; includeInIndex = 1; lastKnownFileType = text.xcconfig; name = "Pods-RxTinyNetworking.release.xcconfig"; path = "Pods/Target Support Files/Pods-RxTinyNetworking/Pods-RxTinyNetworking.release.xcconfig"; sourceTree = "<group>"; };
		4E8105C3BB203288E77380C2 /* Pods-TinyNetworking.debug.xcconfig */ = {isa = PBXFileReference; includeInIndex = 1; lastKnownFileType = text.xcconfig; name = "Pods-TinyNetworking.debug.xcconfig"; path = "Pods/Target Support Files/Pods-TinyNetworking/Pods-TinyNetworking.debug.xcconfig"; sourceTree = "<group>"; };
		8200CB7F92EAF4E103ED3A9E /* Pods-RxTinyNetworking.debug.xcconfig */ = {isa = PBXFileReference; includeInIndex = 1; lastKnownFileType = text.xcconfig; name = "Pods-RxTinyNetworking.debug.xcconfig"; path = "Pods/Target Support Files/Pods-RxTinyNetworking/Pods-RxTinyNetworking.debug.xcconfig"; sourceTree = "<group>"; };
		8929E43197EB788743E9F8E1 /* Pods-TinyNetworking-RxTinyNetworking.release.xcconfig */ = {isa = PBXFileReference; includeInIndex = 1; lastKnownFileType = text.xcconfig; name = "Pods-TinyNetworking-RxTinyNetworking.release.xcconfig"; path = "Pods/Target Support Files/Pods-TinyNetworking-RxTinyNetworking/Pods-TinyNetworking-RxTinyNetworking.release.xcconfig"; sourceTree = "<group>"; };
		9864C1C8F2DF90B71F954ACE /* Pods_TinyNetworking_RxTinyNetworking.framework */ = {isa = PBXFileReference; explicitFileType = wrapper.framework; includeInIndex = 0; path = Pods_TinyNetworking_RxTinyNetworking.framework; sourceTree = BUILT_PRODUCTS_DIR; };
		B0BB9B959956EB7D07FB5338 /* Pods_TinyNetworkingTests.framework */ = {isa = PBXFileReference; explicitFileType = wrapper.framework; includeInIndex = 0; path = Pods_TinyNetworkingTests.framework; sourceTree = BUILT_PRODUCTS_DIR; };
		C7B6D6B7EB694FA340950D07 /* Pods_TinyNetworking.framework */ = {isa = PBXFileReference; explicitFileType = wrapper.framework; includeInIndex = 0; path = Pods_TinyNetworking.framework; sourceTree = BUILT_PRODUCTS_DIR; };
		DC22B61A20794AF600CEB596 /* URLSession+Extentions.swift */ = {isa = PBXFileReference; lastKnownFileType = sourcecode.swift; path = "URLSession+Extentions.swift"; sourceTree = "<group>"; };
		DC320FC6204BFD760055A938 /* TinyNetworking.framework */ = {isa = PBXFileReference; explicitFileType = wrapper.framework; includeInIndex = 0; path = TinyNetworking.framework; sourceTree = BUILT_PRODUCTS_DIR; };
		DC320FCA204BFD760055A938 /* Info.plist */ = {isa = PBXFileReference; lastKnownFileType = text.plist.xml; path = Info.plist; sourceTree = "<group>"; };
		DC320FCF204BFD760055A938 /* TinyNetworkingTests.xctest */ = {isa = PBXFileReference; explicitFileType = wrapper.cfbundle; includeInIndex = 0; path = TinyNetworkingTests.xctest; sourceTree = BUILT_PRODUCTS_DIR; };
		DC320FD4204BFD760055A938 /* TinyNetworkingTests.swift */ = {isa = PBXFileReference; lastKnownFileType = sourcecode.swift; path = TinyNetworkingTests.swift; sourceTree = "<group>"; };
		DC320FD6204BFD760055A938 /* Info.plist */ = {isa = PBXFileReference; lastKnownFileType = text.plist.xml; path = Info.plist; sourceTree = "<group>"; };
		DC320FE0204BFD8E0055A938 /* Endpoint.swift */ = {isa = PBXFileReference; fileEncoding = 4; lastKnownFileType = sourcecode.swift; path = Endpoint.swift; sourceTree = "<group>"; };
		DC320FE2204BFD8E0055A938 /* TinyNetworking.swift */ = {isa = PBXFileReference; fileEncoding = 4; lastKnownFileType = sourcecode.swift; path = TinyNetworking.swift; sourceTree = "<group>"; };
		DC320FE3204BFD8E0055A938 /* URLRequest+Extentions.swift */ = {isa = PBXFileReference; fileEncoding = 4; lastKnownFileType = sourcecode.swift; path = "URLRequest+Extentions.swift"; sourceTree = "<group>"; };
		DC581D40204F573A00FCBB4E /* RxTinyNetworking.framework */ = {isa = PBXFileReference; explicitFileType = wrapper.framework; includeInIndex = 0; path = RxTinyNetworking.framework; sourceTree = BUILT_PRODUCTS_DIR; };
		DC581D43204F573A00FCBB4E /* Info.plist */ = {isa = PBXFileReference; lastKnownFileType = text.plist.xml; path = Info.plist; sourceTree = "<group>"; };
		DC581D48204F575200FCBB4E /* RxTinyNetworking.swift */ = {isa = PBXFileReference; lastKnownFileType = sourcecode.swift; path = RxTinyNetworking.swift; sourceTree = "<group>"; };
		DC927ACB2070427000B5915E /* Task.swift */ = {isa = PBXFileReference; fileEncoding = 4; lastKnownFileType = sourcecode.swift; path = Task.swift; sourceTree = "<group>"; };
		DC927ACD2070427800B5915E /* AnyEncodable.swift */ = {isa = PBXFileReference; fileEncoding = 4; lastKnownFileType = sourcecode.swift; path = AnyEncodable.swift; sourceTree = "<group>"; };
		DC927ACF2070428400B5915E /* ResourceType.swift */ = {isa = PBXFileReference; fileEncoding = 4; lastKnownFileType = sourcecode.swift; path = ResourceType.swift; sourceTree = "<group>"; };
		DC927AD12070428C00B5915E /* Response.swift */ = {isa = PBXFileReference; fileEncoding = 4; lastKnownFileType = sourcecode.swift; path = Response.swift; sourceTree = "<group>"; };
		DC9DE1A72058361100BCCA81 /* URL+Extentions.swift */ = {isa = PBXFileReference; lastKnownFileType = sourcecode.swift; path = "URL+Extentions.swift"; sourceTree = "<group>"; };
		DCAED62321A7537C007BDE95 /* URLEncoding.swift */ = {isa = PBXFileReference; lastKnownFileType = sourcecode.swift; path = URLEncoding.swift; sourceTree = "<group>"; };
		DCFD07D3206D7076001F0C35 /* TinyNetworkingType.swift */ = {isa = PBXFileReference; fileEncoding = 4; lastKnownFileType = sourcecode.swift; path = TinyNetworkingType.swift; sourceTree = "<group>"; };
		E80D530C0C109729BC53C62F /* Pods_RxTinyNetworking.framework */ = {isa = PBXFileReference; explicitFileType = wrapper.framework; includeInIndex = 0; path = Pods_RxTinyNetworking.framework; sourceTree = BUILT_PRODUCTS_DIR; };
		F5EBD579AAEFD86D690E1216 /* Pods-TinyNetworking.release.xcconfig */ = {isa = PBXFileReference; includeInIndex = 1; lastKnownFileType = text.xcconfig; name = "Pods-TinyNetworking.release.xcconfig"; path = "Pods/Target Support Files/Pods-TinyNetworking/Pods-TinyNetworking.release.xcconfig"; sourceTree = "<group>"; };
/* End PBXFileReference section */

/* Begin PBXFrameworksBuildPhase section */
		DC320FC2204BFD760055A938 /* Frameworks */ = {
			isa = PBXFrameworksBuildPhase;
			buildActionMask = 2147483647;
			files = (
				E227DFA5CD66DCF947304FE6 /* Pods_TinyNetworking.framework in Frameworks */,
			);
			runOnlyForDeploymentPostprocessing = 0;
		};
		DC320FCC204BFD760055A938 /* Frameworks */ = {
			isa = PBXFrameworksBuildPhase;
			buildActionMask = 2147483647;
			files = (
				DC320FD0204BFD760055A938 /* TinyNetworking.framework in Frameworks */,
			);
			runOnlyForDeploymentPostprocessing = 0;
		};
		DC581D3C204F573A00FCBB4E /* Frameworks */ = {
			isa = PBXFrameworksBuildPhase;
			buildActionMask = 2147483647;
			files = (
				DC22B61C207950CE00CEB596 /* TinyNetworking.framework in Frameworks */,
				3C04F53947782F8F044C63EE /* Pods_TinyNetworking_RxTinyNetworking.framework in Frameworks */,
			);
			runOnlyForDeploymentPostprocessing = 0;
		};
/* End PBXFrameworksBuildPhase section */

/* Begin PBXGroup section */
		BE7CF738A5C7EB98B4CC287F /* Frameworks */ = {
			isa = PBXGroup;
			children = (
				C7B6D6B7EB694FA340950D07 /* Pods_TinyNetworking.framework */,
				B0BB9B959956EB7D07FB5338 /* Pods_TinyNetworkingTests.framework */,
				E80D530C0C109729BC53C62F /* Pods_RxTinyNetworking.framework */,
				9864C1C8F2DF90B71F954ACE /* Pods_TinyNetworking_RxTinyNetworking.framework */,
			);
			name = Frameworks;
			sourceTree = "<group>";
		};
		C81C441F66D8FA6805326D73 /* Pods */ = {
			isa = PBXGroup;
			children = (
				4E8105C3BB203288E77380C2 /* Pods-TinyNetworking.debug.xcconfig */,
				F5EBD579AAEFD86D690E1216 /* Pods-TinyNetworking.release.xcconfig */,
				8200CB7F92EAF4E103ED3A9E /* Pods-RxTinyNetworking.debug.xcconfig */,
				37268BB9A260E967F4749EAA /* Pods-RxTinyNetworking.release.xcconfig */,
				1CF8677A2889E794FDF82D98 /* Pods-TinyNetworking-RxTinyNetworking.debug.xcconfig */,
				8929E43197EB788743E9F8E1 /* Pods-TinyNetworking-RxTinyNetworking.release.xcconfig */,
			);
			name = Pods;
			sourceTree = "<group>";
		};
		DC320FBC204BFD760055A938 = {
			isa = PBXGroup;
			children = (
				DC581D4C204FE7DD00FCBB4E /* Sources */,
				DC320FD3204BFD760055A938 /* Tests */,
				DC320FC7204BFD760055A938 /* Products */,
				C81C441F66D8FA6805326D73 /* Pods */,
				BE7CF738A5C7EB98B4CC287F /* Frameworks */,
			);
			sourceTree = "<group>";
		};
		DC320FC7204BFD760055A938 /* Products */ = {
			isa = PBXGroup;
			children = (
				DC320FC6204BFD760055A938 /* TinyNetworking.framework */,
				DC320FCF204BFD760055A938 /* TinyNetworkingTests.xctest */,
				DC581D40204F573A00FCBB4E /* RxTinyNetworking.framework */,
			);
			name = Products;
			sourceTree = "<group>";
		};
		DC320FC8204BFD760055A938 /* TinyNetworking */ = {
			isa = PBXGroup;
			children = (
				DC927ACB2070427000B5915E /* Task.swift */,
				DC320FE0204BFD8E0055A938 /* Endpoint.swift */,
				DC927ACD2070427800B5915E /* AnyEncodable.swift */,
				DC927AD12070428C00B5915E /* Response.swift */,
				DC927ACF2070428400B5915E /* ResourceType.swift */,
				DC320FE2204BFD8E0055A938 /* TinyNetworking.swift */,
				DCFD07D3206D7076001F0C35 /* TinyNetworkingType.swift */,
				DC320FE3204BFD8E0055A938 /* URLRequest+Extentions.swift */,
				DC9DE1A72058361100BCCA81 /* URL+Extentions.swift */,
				DC22B61A20794AF600CEB596 /* URLSession+Extentions.swift */,
				DCAED62321A7537C007BDE95 /* URLEncoding.swift */,
				DC320FCA204BFD760055A938 /* Info.plist */,
			);
			path = TinyNetworking;
			sourceTree = "<group>";
		};
		DC320FD3204BFD760055A938 /* Tests */ = {
			isa = PBXGroup;
			children = (
				DC320FD4204BFD760055A938 /* TinyNetworkingTests.swift */,
				DC320FD6204BFD760055A938 /* Info.plist */,
			);
			path = Tests;
			sourceTree = "<group>";
		};
		DC581D41204F573A00FCBB4E /* RxTinyNetworking */ = {
			isa = PBXGroup;
			children = (
				DC581D43204F573A00FCBB4E /* Info.plist */,
				DC581D48204F575200FCBB4E /* RxTinyNetworking.swift */,
			);
			path = RxTinyNetworking;
			sourceTree = "<group>";
		};
		DC581D4C204FE7DD00FCBB4E /* Sources */ = {
			isa = PBXGroup;
			children = (
				DC320FC8204BFD760055A938 /* TinyNetworking */,
				DC581D41204F573A00FCBB4E /* RxTinyNetworking */,
			);
			path = Sources;
			sourceTree = "<group>";
		};
/* End PBXGroup section */

/* Begin PBXHeadersBuildPhase section */
		DC320FC3204BFD760055A938 /* Headers */ = {
			isa = PBXHeadersBuildPhase;
			buildActionMask = 2147483647;
			files = (
			);
			runOnlyForDeploymentPostprocessing = 0;
		};
		DC581D3D204F573A00FCBB4E /* Headers */ = {
			isa = PBXHeadersBuildPhase;
			buildActionMask = 2147483647;
			files = (
			);
			runOnlyForDeploymentPostprocessing = 0;
		};
/* End PBXHeadersBuildPhase section */

/* Begin PBXNativeTarget section */
		DC320FC5204BFD760055A938 /* TinyNetworking */ = {
			isa = PBXNativeTarget;
			buildConfigurationList = DC320FDA204BFD760055A938 /* Build configuration list for PBXNativeTarget "TinyNetworking" */;
			buildPhases = (
				C1530A4B593A1A3CEF9AA0B9 /* [CP] Check Pods Manifest.lock */,
				DC320FC1204BFD760055A938 /* Sources */,
				DC320FC2204BFD760055A938 /* Frameworks */,
				DC320FC3204BFD760055A938 /* Headers */,
				DC320FC4204BFD760055A938 /* Resources */,
			);
			buildRules = (
			);
			dependencies = (
			);
			name = TinyNetworking;
			productName = TinyNetworking;
			productReference = DC320FC6204BFD760055A938 /* TinyNetworking.framework */;
			productType = "com.apple.product-type.framework";
		};
		DC320FCE204BFD760055A938 /* TinyNetworkingTests */ = {
			isa = PBXNativeTarget;
			buildConfigurationList = DC320FDD204BFD760055A938 /* Build configuration list for PBXNativeTarget "TinyNetworkingTests" */;
			buildPhases = (
				DC320FCB204BFD760055A938 /* Sources */,
				DC320FCC204BFD760055A938 /* Frameworks */,
				DC320FCD204BFD760055A938 /* Resources */,
			);
			buildRules = (
			);
			dependencies = (
				DC320FD2204BFD760055A938 /* PBXTargetDependency */,
			);
			name = TinyNetworkingTests;
			productName = TinyNetworkingTests;
			productReference = DC320FCF204BFD760055A938 /* TinyNetworkingTests.xctest */;
			productType = "com.apple.product-type.bundle.unit-test";
		};
		DC581D3F204F573A00FCBB4E /* RxTinyNetworking */ = {
			isa = PBXNativeTarget;
			buildConfigurationList = DC581D45204F573A00FCBB4E /* Build configuration list for PBXNativeTarget "RxTinyNetworking" */;
			buildPhases = (
				E0686049DF1938A147343FF9 /* [CP] Check Pods Manifest.lock */,
				DC581D3B204F573A00FCBB4E /* Sources */,
				DC581D3C204F573A00FCBB4E /* Frameworks */,
				DC581D3D204F573A00FCBB4E /* Headers */,
				DC581D3E204F573A00FCBB4E /* Resources */,
			);
			buildRules = (
			);
			dependencies = (
			);
			name = RxTinyNetworking;
			productName = RxTinyNetworking;
			productReference = DC581D40204F573A00FCBB4E /* RxTinyNetworking.framework */;
			productType = "com.apple.product-type.framework";
		};
/* End PBXNativeTarget section */

/* Begin PBXProject section */
		DC320FBD204BFD760055A938 /* Project object */ = {
			isa = PBXProject;
			attributes = {
				LastSwiftUpdateCheck = 0920;
				LastUpgradeCheck = 1000;
				ORGANIZATIONNAME = "Joan Disho";
				TargetAttributes = {
					DC320FC5204BFD760055A938 = {
						CreatedOnToolsVersion = 9.2;
						LastSwiftMigration = 1100;
						ProvisioningStyle = Automatic;
					};
					DC320FCE204BFD760055A938 = {
						CreatedOnToolsVersion = 9.2;
						ProvisioningStyle = Automatic;
					};
					DC581D3F204F573A00FCBB4E = {
						CreatedOnToolsVersion = 9.2;
						LastSwiftMigration = 0920;
						ProvisioningStyle = Automatic;
					};
				};
			};
			buildConfigurationList = DC320FC0204BFD760055A938 /* Build configuration list for PBXProject "TinyNetworking" */;
			compatibilityVersion = "Xcode 8.0";
			developmentRegion = en;
			hasScannedForEncodings = 0;
			knownRegions = (
				en,
			);
			mainGroup = DC320FBC204BFD760055A938;
			productRefGroup = DC320FC7204BFD760055A938 /* Products */;
			projectDirPath = "";
			projectRoot = "";
			targets = (
				DC320FC5204BFD760055A938 /* TinyNetworking */,
				DC320FCE204BFD760055A938 /* TinyNetworkingTests */,
				DC581D3F204F573A00FCBB4E /* RxTinyNetworking */,
			);
		};
/* End PBXProject section */

/* Begin PBXResourcesBuildPhase section */
		DC320FC4204BFD760055A938 /* Resources */ = {
			isa = PBXResourcesBuildPhase;
			buildActionMask = 2147483647;
			files = (
			);
			runOnlyForDeploymentPostprocessing = 0;
		};
		DC320FCD204BFD760055A938 /* Resources */ = {
			isa = PBXResourcesBuildPhase;
			buildActionMask = 2147483647;
			files = (
			);
			runOnlyForDeploymentPostprocessing = 0;
		};
		DC581D3E204F573A00FCBB4E /* Resources */ = {
			isa = PBXResourcesBuildPhase;
			buildActionMask = 2147483647;
			files = (
			);
			runOnlyForDeploymentPostprocessing = 0;
		};
/* End PBXResourcesBuildPhase section */

/* Begin PBXShellScriptBuildPhase section */
		C1530A4B593A1A3CEF9AA0B9 /* [CP] Check Pods Manifest.lock */ = {
			isa = PBXShellScriptBuildPhase;
			buildActionMask = 2147483647;
			files = (
			);
			inputPaths = (
				"${PODS_PODFILE_DIR_PATH}/Podfile.lock",
				"${PODS_ROOT}/Manifest.lock",
			);
			name = "[CP] Check Pods Manifest.lock";
			outputPaths = (
				"$(DERIVED_FILE_DIR)/Pods-TinyNetworking-checkManifestLockResult.txt",
			);
			runOnlyForDeploymentPostprocessing = 0;
			shellPath = /bin/sh;
			shellScript = "diff \"${PODS_PODFILE_DIR_PATH}/Podfile.lock\" \"${PODS_ROOT}/Manifest.lock\" > /dev/null\nif [ $? != 0 ] ; then\n    # print error to STDERR\n    echo \"error: The sandbox is not in sync with the Podfile.lock. Run 'pod install' or update your CocoaPods installation.\" >&2\n    exit 1\nfi\n# This output is used by Xcode 'outputs' to avoid re-running this script phase.\necho \"SUCCESS\" > \"${SCRIPT_OUTPUT_FILE_0}\"\n";
			showEnvVarsInLog = 0;
		};
		E0686049DF1938A147343FF9 /* [CP] Check Pods Manifest.lock */ = {
			isa = PBXShellScriptBuildPhase;
			buildActionMask = 2147483647;
			files = (
			);
			inputPaths = (
				"${PODS_PODFILE_DIR_PATH}/Podfile.lock",
				"${PODS_ROOT}/Manifest.lock",
			);
			name = "[CP] Check Pods Manifest.lock";
			outputPaths = (
				"$(DERIVED_FILE_DIR)/Pods-TinyNetworking-RxTinyNetworking-checkManifestLockResult.txt",
			);
			runOnlyForDeploymentPostprocessing = 0;
			shellPath = /bin/sh;
			shellScript = "diff \"${PODS_PODFILE_DIR_PATH}/Podfile.lock\" \"${PODS_ROOT}/Manifest.lock\" > /dev/null\nif [ $? != 0 ] ; then\n    # print error to STDERR\n    echo \"error: The sandbox is not in sync with the Podfile.lock. Run 'pod install' or update your CocoaPods installation.\" >&2\n    exit 1\nfi\n# This output is used by Xcode 'outputs' to avoid re-running this script phase.\necho \"SUCCESS\" > \"${SCRIPT_OUTPUT_FILE_0}\"\n";
			showEnvVarsInLog = 0;
		};
/* End PBXShellScriptBuildPhase section */

/* Begin PBXSourcesBuildPhase section */
		DC320FC1204BFD760055A938 /* Sources */ = {
			isa = PBXSourcesBuildPhase;
			buildActionMask = 2147483647;
			files = (
				DC927ACC2070427000B5915E /* Task.swift in Sources */,
				DC927ACE2070427800B5915E /* AnyEncodable.swift in Sources */,
				DC9DE1A82058361100BCCA81 /* URL+Extentions.swift in Sources */,
				DCAED62421A7537C007BDE95 /* URLEncoding.swift in Sources */,
				DCFD07D5206D7076001F0C35 /* TinyNetworkingType.swift in Sources */,
				DC927AD02070428400B5915E /* ResourceType.swift in Sources */,
				DC22B61B20794AF600CEB596 /* URLSession+Extentions.swift in Sources */,
				DC320FE4204BFD8E0055A938 /* Endpoint.swift in Sources */,
				DC927AD22070428C00B5915E /* Response.swift in Sources */,
				DC320FE7204BFD8E0055A938 /* URLRequest+Extentions.swift in Sources */,
				DC320FE6204BFD8E0055A938 /* TinyNetworking.swift in Sources */,
			);
			runOnlyForDeploymentPostprocessing = 0;
		};
		DC320FCB204BFD760055A938 /* Sources */ = {
			isa = PBXSourcesBuildPhase;
			buildActionMask = 2147483647;
			files = (
				DC22B6192079483400CEB596 /* URL+Extentions.swift in Sources */,
				DC22B6112079483400CEB596 /* Task.swift in Sources */,
				DC22B6182079483400CEB596 /* URLRequest+Extentions.swift in Sources */,
				DC22B6172079483400CEB596 /* TinyNetworkingType.swift in Sources */,
				DC320FD5204BFD760055A938 /* TinyNetworkingTests.swift in Sources */,
				DC22B6132079483400CEB596 /* AnyEncodable.swift in Sources */,
				DC22B6122079483400CEB596 /* Endpoint.swift in Sources */,
				DC22B6142079483400CEB596 /* Response.swift in Sources */,
				DC22B6162079483400CEB596 /* TinyNetworking.swift in Sources */,
				DC22B6152079483400CEB596 /* ResourceType.swift in Sources */,
			);
			runOnlyForDeploymentPostprocessing = 0;
		};
		DC581D3B204F573A00FCBB4E /* Sources */ = {
			isa = PBXSourcesBuildPhase;
			buildActionMask = 2147483647;
			files = (
				DC581D49204F575200FCBB4E /* RxTinyNetworking.swift in Sources */,
			);
			runOnlyForDeploymentPostprocessing = 0;
		};
/* End PBXSourcesBuildPhase section */

/* Begin PBXTargetDependency section */
		DC320FD2204BFD760055A938 /* PBXTargetDependency */ = {
			isa = PBXTargetDependency;
			target = DC320FC5204BFD760055A938 /* TinyNetworking */;
			targetProxy = DC320FD1204BFD760055A938 /* PBXContainerItemProxy */;
		};
/* End PBXTargetDependency section */

/* Begin XCBuildConfiguration section */
		DC320FD8204BFD760055A938 /* Debug */ = {
			isa = XCBuildConfiguration;
			buildSettings = {
				ALWAYS_SEARCH_USER_PATHS = NO;
				CLANG_ANALYZER_NONNULL = YES;
				CLANG_ANALYZER_NUMBER_OBJECT_CONVERSION = YES_AGGRESSIVE;
				CLANG_CXX_LANGUAGE_STANDARD = "gnu++14";
				CLANG_CXX_LIBRARY = "libc++";
				CLANG_ENABLE_MODULES = YES;
				CLANG_ENABLE_OBJC_ARC = YES;
				CLANG_WARN_BLOCK_CAPTURE_AUTORELEASING = YES;
				CLANG_WARN_BOOL_CONVERSION = YES;
				CLANG_WARN_COMMA = YES;
				CLANG_WARN_CONSTANT_CONVERSION = YES;
				CLANG_WARN_DEPRECATED_OBJC_IMPLEMENTATIONS = YES;
				CLANG_WARN_DIRECT_OBJC_ISA_USAGE = YES_ERROR;
				CLANG_WARN_DOCUMENTATION_COMMENTS = YES;
				CLANG_WARN_EMPTY_BODY = YES;
				CLANG_WARN_ENUM_CONVERSION = YES;
				CLANG_WARN_INFINITE_RECURSION = YES;
				CLANG_WARN_INT_CONVERSION = YES;
				CLANG_WARN_NON_LITERAL_NULL_CONVERSION = YES;
				CLANG_WARN_OBJC_IMPLICIT_RETAIN_SELF = YES;
				CLANG_WARN_OBJC_LITERAL_CONVERSION = YES;
				CLANG_WARN_OBJC_ROOT_CLASS = YES_ERROR;
				CLANG_WARN_RANGE_LOOP_ANALYSIS = YES;
				CLANG_WARN_STRICT_PROTOTYPES = YES;
				CLANG_WARN_SUSPICIOUS_MOVE = YES;
				CLANG_WARN_UNGUARDED_AVAILABILITY = YES_AGGRESSIVE;
				CLANG_WARN_UNREACHABLE_CODE = YES;
				CLANG_WARN__DUPLICATE_METHOD_MATCH = YES;
				CODE_SIGN_IDENTITY = "iPhone Developer";
				COPY_PHASE_STRIP = NO;
				CURRENT_PROJECT_VERSION = 1;
				DEBUG_INFORMATION_FORMAT = dwarf;
				ENABLE_STRICT_OBJC_MSGSEND = YES;
				ENABLE_TESTABILITY = YES;
				GCC_C_LANGUAGE_STANDARD = gnu11;
				GCC_DYNAMIC_NO_PIC = NO;
				GCC_NO_COMMON_BLOCKS = YES;
				GCC_OPTIMIZATION_LEVEL = 0;
				GCC_PREPROCESSOR_DEFINITIONS = (
					"DEBUG=1",
					"$(inherited)",
				);
				GCC_WARN_64_TO_32_BIT_CONVERSION = YES;
				GCC_WARN_ABOUT_RETURN_TYPE = YES_ERROR;
				GCC_WARN_UNDECLARED_SELECTOR = YES;
				GCC_WARN_UNINITIALIZED_AUTOS = YES_AGGRESSIVE;
				GCC_WARN_UNUSED_FUNCTION = YES;
				GCC_WARN_UNUSED_VARIABLE = YES;
				IPHONEOS_DEPLOYMENT_TARGET = 11.2;
				MTL_ENABLE_DEBUG_INFO = YES;
				ONLY_ACTIVE_ARCH = YES;
				SDKROOT = iphoneos;
				SWIFT_ACTIVE_COMPILATION_CONDITIONS = DEBUG;
				SWIFT_OPTIMIZATION_LEVEL = "-Onone";
				VERSIONING_SYSTEM = "apple-generic";
				VERSION_INFO_PREFIX = "";
			};
			name = Debug;
		};
		DC320FD9204BFD760055A938 /* Release */ = {
			isa = XCBuildConfiguration;
			buildSettings = {
				ALWAYS_SEARCH_USER_PATHS = NO;
				CLANG_ANALYZER_NONNULL = YES;
				CLANG_ANALYZER_NUMBER_OBJECT_CONVERSION = YES_AGGRESSIVE;
				CLANG_CXX_LANGUAGE_STANDARD = "gnu++14";
				CLANG_CXX_LIBRARY = "libc++";
				CLANG_ENABLE_MODULES = YES;
				CLANG_ENABLE_OBJC_ARC = YES;
				CLANG_WARN_BLOCK_CAPTURE_AUTORELEASING = YES;
				CLANG_WARN_BOOL_CONVERSION = YES;
				CLANG_WARN_COMMA = YES;
				CLANG_WARN_CONSTANT_CONVERSION = YES;
				CLANG_WARN_DEPRECATED_OBJC_IMPLEMENTATIONS = YES;
				CLANG_WARN_DIRECT_OBJC_ISA_USAGE = YES_ERROR;
				CLANG_WARN_DOCUMENTATION_COMMENTS = YES;
				CLANG_WARN_EMPTY_BODY = YES;
				CLANG_WARN_ENUM_CONVERSION = YES;
				CLANG_WARN_INFINITE_RECURSION = YES;
				CLANG_WARN_INT_CONVERSION = YES;
				CLANG_WARN_NON_LITERAL_NULL_CONVERSION = YES;
				CLANG_WARN_OBJC_IMPLICIT_RETAIN_SELF = YES;
				CLANG_WARN_OBJC_LITERAL_CONVERSION = YES;
				CLANG_WARN_OBJC_ROOT_CLASS = YES_ERROR;
				CLANG_WARN_RANGE_LOOP_ANALYSIS = YES;
				CLANG_WARN_STRICT_PROTOTYPES = YES;
				CLANG_WARN_SUSPICIOUS_MOVE = YES;
				CLANG_WARN_UNGUARDED_AVAILABILITY = YES_AGGRESSIVE;
				CLANG_WARN_UNREACHABLE_CODE = YES;
				CLANG_WARN__DUPLICATE_METHOD_MATCH = YES;
				CODE_SIGN_IDENTITY = "iPhone Developer";
				COPY_PHASE_STRIP = NO;
				CURRENT_PROJECT_VERSION = 1;
				DEBUG_INFORMATION_FORMAT = "dwarf-with-dsym";
				ENABLE_NS_ASSERTIONS = NO;
				ENABLE_STRICT_OBJC_MSGSEND = YES;
				GCC_C_LANGUAGE_STANDARD = gnu11;
				GCC_NO_COMMON_BLOCKS = YES;
				GCC_WARN_64_TO_32_BIT_CONVERSION = YES;
				GCC_WARN_ABOUT_RETURN_TYPE = YES_ERROR;
				GCC_WARN_UNDECLARED_SELECTOR = YES;
				GCC_WARN_UNINITIALIZED_AUTOS = YES_AGGRESSIVE;
				GCC_WARN_UNUSED_FUNCTION = YES;
				GCC_WARN_UNUSED_VARIABLE = YES;
				IPHONEOS_DEPLOYMENT_TARGET = 11.2;
				MTL_ENABLE_DEBUG_INFO = NO;
				SDKROOT = iphoneos;
				SWIFT_OPTIMIZATION_LEVEL = "-Owholemodule";
				VALIDATE_PRODUCT = YES;
				VERSIONING_SYSTEM = "apple-generic";
				VERSION_INFO_PREFIX = "";
			};
			name = Release;
		};
		DC320FDB204BFD760055A938 /* Debug */ = {
			isa = XCBuildConfiguration;
			baseConfigurationReference = 4E8105C3BB203288E77380C2 /* Pods-TinyNetworking.debug.xcconfig */;
			buildSettings = {
				CLANG_ENABLE_MODULES = YES;
				CODE_SIGN_IDENTITY = "";
				CODE_SIGN_STYLE = Automatic;
				DEFINES_MODULE = YES;
				DEVELOPMENT_TEAM = YLLL7FKAFL;
				DYLIB_COMPATIBILITY_VERSION = 1;
				DYLIB_CURRENT_VERSION = 1;
				DYLIB_INSTALL_NAME_BASE = "@rpath";
				INFOPLIST_FILE = Sources/TinyNetworking/Info.plist;
				INSTALL_PATH = "$(LOCAL_LIBRARY_DIR)/Frameworks";
				LD_RUNPATH_SEARCH_PATHS = "$(inherited) @executable_path/Frameworks @loader_path/Frameworks";
				PRODUCT_BUNDLE_IDENTIFIER = disho.TinyNetworking;
				PRODUCT_NAME = "$(TARGET_NAME:c99extidentifier)";
				SKIP_INSTALL = YES;
				SWIFT_OPTIMIZATION_LEVEL = "-Onone";
				SWIFT_VERSION = 5.0;
				TARGETED_DEVICE_FAMILY = "1,2";
			};
			name = Debug;
		};
		DC320FDC204BFD760055A938 /* Release */ = {
			isa = XCBuildConfiguration;
			baseConfigurationReference = F5EBD579AAEFD86D690E1216 /* Pods-TinyNetworking.release.xcconfig */;
			buildSettings = {
				CLANG_ENABLE_MODULES = YES;
				CODE_SIGN_IDENTITY = "";
				CODE_SIGN_STYLE = Automatic;
				DEFINES_MODULE = YES;
				DEVELOPMENT_TEAM = YLLL7FKAFL;
				DYLIB_COMPATIBILITY_VERSION = 1;
				DYLIB_CURRENT_VERSION = 1;
				DYLIB_INSTALL_NAME_BASE = "@rpath";
				INFOPLIST_FILE = Sources/TinyNetworking/Info.plist;
				INSTALL_PATH = "$(LOCAL_LIBRARY_DIR)/Frameworks";
				LD_RUNPATH_SEARCH_PATHS = "$(inherited) @executable_path/Frameworks @loader_path/Frameworks";
				PRODUCT_BUNDLE_IDENTIFIER = disho.TinyNetworking;
				PRODUCT_NAME = "$(TARGET_NAME:c99extidentifier)";
				SKIP_INSTALL = YES;
				SWIFT_VERSION = 5.0;
				TARGETED_DEVICE_FAMILY = "1,2";
			};
			name = Release;
		};
		DC320FDE204BFD760055A938 /* Debug */ = {
			isa = XCBuildConfiguration;
			buildSettings = {
				ALWAYS_EMBED_SWIFT_STANDARD_LIBRARIES = YES;
				CODE_SIGN_STYLE = Automatic;
				DEVELOPMENT_TEAM = YLLL7FKAFL;
				INFOPLIST_FILE = TinyNetworkingTests/Info.plist;
				LD_RUNPATH_SEARCH_PATHS = "$(inherited) @executable_path/Frameworks @loader_path/Frameworks";
				PRODUCT_BUNDLE_IDENTIFIER = disho.TinyNetworkingTests;
				PRODUCT_NAME = "$(TARGET_NAME)";
				SWIFT_VERSION = 4.2;
				TARGETED_DEVICE_FAMILY = "1,2";
			};
			name = Debug;
		};
		DC320FDF204BFD760055A938 /* Release */ = {
			isa = XCBuildConfiguration;
			buildSettings = {
				ALWAYS_EMBED_SWIFT_STANDARD_LIBRARIES = YES;
				CODE_SIGN_STYLE = Automatic;
				DEVELOPMENT_TEAM = YLLL7FKAFL;
				INFOPLIST_FILE = TinyNetworkingTests/Info.plist;
				LD_RUNPATH_SEARCH_PATHS = "$(inherited) @executable_path/Frameworks @loader_path/Frameworks";
				PRODUCT_BUNDLE_IDENTIFIER = disho.TinyNetworkingTests;
				PRODUCT_NAME = "$(TARGET_NAME)";
				SWIFT_VERSION = 4.2;
				TARGETED_DEVICE_FAMILY = "1,2";
			};
			name = Release;
		};
		DC581D46204F573A00FCBB4E /* Debug */ = {
			isa = XCBuildConfiguration;
			baseConfigurationReference = 1CF8677A2889E794FDF82D98 /* Pods-TinyNetworking-RxTinyNetworking.debug.xcconfig */;
			buildSettings = {
				CLANG_ENABLE_MODULES = YES;
				CODE_SIGN_IDENTITY = "";
				CODE_SIGN_STYLE = Automatic;
				DEFINES_MODULE = YES;
				DEVELOPMENT_TEAM = YLLL7FKAFL;
				DYLIB_COMPATIBILITY_VERSION = 1;
				DYLIB_CURRENT_VERSION = 1;
				DYLIB_INSTALL_NAME_BASE = "@rpath";
				INFOPLIST_FILE = Sources/RxTinyNetworking/Info.plist;
				INSTALL_PATH = "$(LOCAL_LIBRARY_DIR)/Frameworks";
				LD_RUNPATH_SEARCH_PATHS = "$(inherited) @executable_path/Frameworks @loader_path/Frameworks";
				PRODUCT_BUNDLE_IDENTIFIER = disho.RxTinyNetworking;
				PRODUCT_NAME = "$(TARGET_NAME:c99extidentifier)";
				SKIP_INSTALL = YES;
				SWIFT_OPTIMIZATION_LEVEL = "-Onone";
				SWIFT_VERSION = 4.2;
				TARGETED_DEVICE_FAMILY = "1,2";
			};
			name = Debug;
		};
		DC581D47204F573A00FCBB4E /* Release */ = {
			isa = XCBuildConfiguration;
			baseConfigurationReference = 8929E43197EB788743E9F8E1 /* Pods-TinyNetworking-RxTinyNetworking.release.xcconfig */;
			buildSettings = {
				CLANG_ENABLE_MODULES = YES;
				CODE_SIGN_IDENTITY = "";
				CODE_SIGN_STYLE = Automatic;
				DEFINES_MODULE = YES;
				DEVELOPMENT_TEAM = YLLL7FKAFL;
				DYLIB_COMPATIBILITY_VERSION = 1;
				DYLIB_CURRENT_VERSION = 1;
				DYLIB_INSTALL_NAME_BASE = "@rpath";
				INFOPLIST_FILE = Sources/RxTinyNetworking/Info.plist;
				INSTALL_PATH = "$(LOCAL_LIBRARY_DIR)/Frameworks";
				LD_RUNPATH_SEARCH_PATHS = "$(inherited) @executable_path/Frameworks @loader_path/Frameworks";
				PRODUCT_BUNDLE_IDENTIFIER = disho.RxTinyNetworking;
				PRODUCT_NAME = "$(TARGET_NAME:c99extidentifier)";
				SKIP_INSTALL = YES;
				SWIFT_VERSION = 4.2;
				TARGETED_DEVICE_FAMILY = "1,2";
			};
			name = Release;
		};
/* End XCBuildConfiguration section */

/* Begin XCConfigurationList section */
		DC320FC0204BFD760055A938 /* Build configuration list for PBXProject "TinyNetworking" */ = {
			isa = XCConfigurationList;
			buildConfigurations = (
				DC320FD8204BFD760055A938 /* Debug */,
				DC320FD9204BFD760055A938 /* Release */,
			);
			defaultConfigurationIsVisible = 0;
			defaultConfigurationName = Release;
		};
		DC320FDA204BFD760055A938 /* Build configuration list for PBXNativeTarget "TinyNetworking" */ = {
			isa = XCConfigurationList;
			buildConfigurations = (
				DC320FDB204BFD760055A938 /* Debug */,
				DC320FDC204BFD760055A938 /* Release */,
			);
			defaultConfigurationIsVisible = 0;
			defaultConfigurationName = Release;
		};
		DC320FDD204BFD760055A938 /* Build configuration list for PBXNativeTarget "TinyNetworkingTests" */ = {
			isa = XCConfigurationList;
			buildConfigurations = (
				DC320FDE204BFD760055A938 /* Debug */,
				DC320FDF204BFD760055A938 /* Release */,
			);
			defaultConfigurationIsVisible = 0;
			defaultConfigurationName = Release;
		};
		DC581D45204F573A00FCBB4E /* Build configuration list for PBXNativeTarget "RxTinyNetworking" */ = {
			isa = XCConfigurationList;
			buildConfigurations = (
				DC581D46204F573A00FCBB4E /* Debug */,
				DC581D47204F573A00FCBB4E /* Release */,
			);
			defaultConfigurationIsVisible = 0;
			defaultConfigurationName = Release;
		};
/* End XCConfigurationList section */
	};
	rootObject = DC320FBD204BFD760055A938 /* Project object */;
}
